
Microsoft Visual Studio Solution File, Format Version 12.00
# Visual Studio 15
VisualStudioVersion = 15.0.28010.2036
MinimumVisualStudioVersion = 10.0.40219.1
Project("{8BC9CEB8-8B4A-11D0-8D11-00A0C91BC942}") = "rhino_geometry", "rhino_geometry.vcxproj", "{73B0FABA-7F88-4098-8D07-3B1433D3AEE2}"
	ProjectSection(ProjectDependencies) = postProject
		{23288C65-E3EB-4D09-A648-22E1636EB40F} = {23288C65-E3EB-4D09-A648-22E1636EB40F}
		{7B90C09F-DC78-42B2-AD34-380F6D466B29} = {7B90C09F-DC78-42B2-AD34-380F6D466B29}
		{F28EFCCD-948B-425C-B9FC-112D84A6498D} = {F28EFCCD-948B-425C-B9FC-112D84A6498D}
	EndProjectSection
EndProject
Project("{8BC9CEB8-8B4A-11D0-8D11-00A0C91BC942}") = "opennurbs_public_staticlib", "opennurbs\opennurbs_public_staticlib.vcxproj", "{23288C65-E3EB-4D09-A648-22E1636EB40F}"
	ProjectSection(ProjectDependencies) = postProject
		{7B90C09F-DC78-42B2-AD34-380F6D466B29} = {7B90C09F-DC78-42B2-AD34-380F6D466B29}
		{F28EFCCD-948B-425C-B9FC-112D84A6498D} = {F28EFCCD-948B-425C-B9FC-112D84A6498D}
	EndProjectSection
EndProject
Project("{8BC9CEB8-8B4A-11D0-8D11-00A0C91BC942}") = "zlib", "opennurbs\zlib\zlib.vcxproj", "{7B90C09F-DC78-42B2-AD34-380F6D466B29}"
EndProject
Project("{8BC9CEB8-8B4A-11D0-8D11-00A0C91BC942}") = "freetype263_staticlib", "opennurbs\freetype263\freetype263_staticlib.vcxproj", "{F28EFCCD-948B-425C-B9FC-112D84A6498D}"
EndProject
Global
	GlobalSection(SolutionConfigurationPlatforms) = preSolution
		Debug|x64 = Debug|x64
		Release|x64 = Release|x64
	EndGlobalSection
	GlobalSection(ProjectConfigurationPlatforms) = postSolution
		{73B0FABA-7F88-4098-8D07-3B1433D3AEE2}.Debug|x64.ActiveCfg = Debug|x64
		{73B0FABA-7F88-4098-8D07-3B1433D3AEE2}.Debug|x64.Build.0 = Debug|x64
		{73B0FABA-7F88-4098-8D07-3B1433D3AEE2}.Release|x64.ActiveCfg = Release|x64
		{73B0FABA-7F88-4098-8D07-3B1433D3AEE2}.Release|x64.Build.0 = Release|x64
		{23288C65-E3EB-4D09-A648-22E1636EB40F}.Debug|x64.ActiveCfg = Debug|x64
		{23288C65-E3EB-4D09-A648-22E1636EB40F}.Debug|x64.Build.0 = Debug|x64
		{23288C65-E3EB-4D09-A648-22E1636EB40F}.Release|x64.ActiveCfg = Release|x64
		{23288C65-E3EB-4D09-A648-22E1636EB40F}.Release|x64.Build.0 = Release|x64
		{7B90C09F-DC78-42B2-AD34-380F6D466B29}.Debug|x64.ActiveCfg = Debug|x64
		{7B90C09F-DC78-42B2-AD34-380F6D466B29}.Debug|x64.Build.0 = Debug|x64
		{7B90C09F-DC78-42B2-AD34-380F6D466B29}.Release|x64.ActiveCfg = Release|x64
		{7B90C09F-DC78-42B2-AD34-380F6D466B29}.Release|x64.Build.0 = Release|x64
		{F28EFCCD-948B-425C-B9FC-112D84A6498D}.Debug|x64.ActiveCfg = Debug|x64
		{F28EFCCD-948B-425C-B9FC-112D84A6498D}.Debug|x64.Build.0 = Debug|x64
		{F28EFCCD-948B-425C-B9FC-112D84A6498D}.Release|x64.ActiveCfg = Release|x64
		{F28EFCCD-948B-425C-B9FC-112D84A6498D}.Release|x64.Build.0 = Release|x64
	EndGlobalSection
	GlobalSection(SolutionProperties) = preSolution
		HideSolutionNode = FALSE
	EndGlobalSection
	GlobalSection(ExtensibilityGlobals) = postSolution
		SolutionGuid = {218ABBB4-C705-4EB1-B6BA-42E7A2FCAC31}
	EndGlobalSection
EndGlobal
