
Microsoft Visual Studio Solution File, Format Version 12.00
# Visual Studio 15
VisualStudioVersion = 15.0.26430.12
MinimumVisualStudioVersion = 10.0.40219.1
Project("{FAE04EC0-301F-11D3-BF4B-00C04F79EFBC}") = "Rhino3dm", "Rhino3dm.csproj", "{E10F2F27-4825-4BFB-83B4-E929BDC6E027}"
	ProjectSection(ProjectDependencies) = postProject
		{2493E19A-046C-4049-AEDF-44A6BBFEF2DF} = {2493E19A-046C-4049-AEDF-44A6BBFEF2DF}
	EndProjectSection
EndProject
Project("{FAE04EC0-301F-11D3-BF4B-00C04F79EFBC}") = "methodgen", "..\methodgen\methodgen.csproj", "{2493E19A-046C-4049-AEDF-44A6BBFEF2DF}"
EndProject
Global
	GlobalSection(SolutionConfigurationPlatforms) = preSolution
		Debug|Any CPU = Debug|Any CPU
		Release|Any CPU = Release|Any CPU
	EndGlobalSection
	GlobalSection(ProjectConfigurationPlatforms) = postSolution
		{E10F2F27-4825-4BFB-83B4-E929BDC6E027}.Debug|Any CPU.ActiveCfg = Debug|Any CPU
		{E10F2F27-4825-4BFB-83B4-E929BDC6E027}.Debug|Any CPU.Build.0 = Debug|Any CPU
		{E10F2F27-4825-4BFB-83B4-E929BDC6E027}.Release|Any CPU.ActiveCfg = Release|Any CPU
		{E10F2F27-4825-4BFB-83B4-E929BDC6E027}.Release|Any CPU.Build.0 = Release|Any CPU
		{2493E19A-046C-4049-AEDF-44A6BBFEF2DF}.Debug|Any CPU.ActiveCfg = Debug|Any CPU
		{2493E19A-046C-4049-AEDF-44A6BBFEF2DF}.Debug|Any CPU.Build.0 = Debug|Any CPU
		{2493E19A-046C-4049-AEDF-44A6BBFEF2DF}.Release|Any CPU.ActiveCfg = Release|Any CPU
		{2493E19A-046C-4049-AEDF-44A6BBFEF2DF}.Release|Any CPU.Build.0 = Release|Any CPU
	EndGlobalSection
	GlobalSection(SolutionProperties) = preSolution
		HideSolutionNode = FALSE
	EndGlobalSection
	GlobalSection(ExtensibilityGlobals) = postSolution
		SolutionGuid = {C78CBB86-C105-494A-AF45-14B9FD9E46A6}
	EndGlobalSection
	GlobalSection(MonoDevelopProperties) = preSolution
		StartupItem = ..\examples\rhino3dmio\example_read_mac\example_read_mac.csproj
	EndGlobalSection
EndGlobal
