<?xml version="1.0" encoding="utf-8"?>
<Project ToolsVersion="15.0" xmlns="http://schemas.microsoft.com/developer/msbuild/2003">
  <ItemGroup>
    <ClCompile Include="C:\dev\github\mcneel\rhino3dm\src\opennurbs\opennurbs_3dm_attributes.cpp">
      <Filter>Source Files</Filter>
    </ClCompile>
    <ClCompile Include="C:\dev\github\mcneel\rhino3dm\src\opennurbs\opennurbs_3dm_properties.cpp">
      <Filter>Source Files</Filter>
    </ClCompile>
    <ClCompile Include="C:\dev\github\mcneel\rhino3dm\src\opennurbs\opennurbs_3dm_settings.cpp">
      <Filter>Source Files</Filter>
    </ClCompile>
    <ClCompile Include="C:\dev\github\mcneel\rhino3dm\src\opennurbs\opennurbs_annotationbase.cpp">
      <Filter>Source Files</Filter>
    </ClCompile>
    <ClCompile Include="C:\dev\github\mcneel\rhino3dm\src\opennurbs\opennurbs_apple_nsfont.cpp">
      <Filter>Source Files</Filter>
    </ClCompile>
    <ClCompile Include="C:\dev\github\mcneel\rhino3dm\src\opennurbs\opennurbs_arc.cpp">
      <Filter>Source Files</Filter>
    </ClCompile>
    <ClCompile Include="C:\dev\github\mcneel\rhino3dm\src\opennurbs\opennurbs_arccurve.cpp">
      <Filter>Source Files</Filter>
    </ClCompile>
    <ClCompile Include="C:\dev\github\mcneel\rhino3dm\src\opennurbs\opennurbs_archive.cpp">
      <Filter>Source Files</Filter>
    </ClCompile>
    <ClCompile Include="C:\dev\github\mcneel\rhino3dm\src\opennurbs\opennurbs_archive_manifest.cpp">
      <Filter>Source Files</Filter>
    </ClCompile>
    <ClCompile Include="C:\dev\github\mcneel\rhino3dm\src\opennurbs\opennurbs_array.cpp">
      <Filter>Source Files</Filter>
    </ClCompile>
    <ClCompile Include="C:\dev\github\mcneel\rhino3dm\src\opennurbs\opennurbs_base32.cpp">
      <Filter>Source Files</Filter>
    </ClCompile>
    <ClCompile Include="C:\dev\github\mcneel\rhino3dm\src\opennurbs\opennurbs_base64.cpp">
      <Filter>Source Files</Filter>
    </ClCompile>
    <ClCompile Include="C:\dev\github\mcneel\rhino3dm\src\opennurbs\opennurbs_beam.cpp">
      <Filter>Source Files</Filter>
    </ClCompile>
    <ClCompile Include="C:\dev\github\mcneel\rhino3dm\src\opennurbs\opennurbs_bezier.cpp">
      <Filter>Source Files</Filter>
    </ClCompile>
    <ClCompile Include="C:\dev\github\mcneel\rhino3dm\src\opennurbs\opennurbs_beziervolume.cpp">
      <Filter>Source Files</Filter>
    </ClCompile>
    <ClCompile Include="C:\dev\github\mcneel\rhino3dm\src\opennurbs\opennurbs_bitmap.cpp">
      <Filter>Source Files</Filter>
    </ClCompile>
    <ClCompile Include="C:\dev\github\mcneel\rhino3dm\src\opennurbs\opennurbs_bounding_box.cpp">
      <Filter>Source Files</Filter>
    </ClCompile>
    <ClCompile Include="C:\dev\github\mcneel\rhino3dm\src\opennurbs\opennurbs_box.cpp">
      <Filter>Source Files</Filter>
    </ClCompile>
    <ClCompile Include="C:\dev\github\mcneel\rhino3dm\src\opennurbs\opennurbs_brep.cpp">
      <Filter>Source Files</Filter>
    </ClCompile>
    <ClCompile Include="C:\dev\github\mcneel\rhino3dm\src\opennurbs\opennurbs_brep_extrude.cpp">
      <Filter>Source Files</Filter>
    </ClCompile>
    <ClCompile Include="C:\dev\github\mcneel\rhino3dm\src\opennurbs\opennurbs_brep_io.cpp">
      <Filter>Source Files</Filter>
    </ClCompile>
    <ClCompile Include="C:\dev\github\mcneel\rhino3dm\src\opennurbs\opennurbs_brep_isvalid.cpp">
      <Filter>Source Files</Filter>
    </ClCompile>
    <ClCompile Include="C:\dev\github\mcneel\rhino3dm\src\opennurbs\opennurbs_brep_region.cpp">
      <Filter>Source Files</Filter>
    </ClCompile>
    <ClCompile Include="C:\dev\github\mcneel\rhino3dm\src\opennurbs\opennurbs_brep_tools.cpp">
      <Filter>Source Files</Filter>
    </ClCompile>
    <ClCompile Include="C:\dev\github\mcneel\rhino3dm\src\opennurbs\opennurbs_brep_v2valid.cpp">
      <Filter>Source Files</Filter>
    </ClCompile>
    <ClCompile Include="C:\dev\github\mcneel\rhino3dm\src\opennurbs\opennurbs_calculator.cpp">
      <Filter>Source Files</Filter>
    </ClCompile>
    <ClCompile Include="C:\dev\github\mcneel\rhino3dm\src\opennurbs\opennurbs_circle.cpp">
      <Filter>Source Files</Filter>
    </ClCompile>
    <ClCompile Include="C:\dev\github\mcneel\rhino3dm\src\opennurbs\opennurbs_color.cpp">
      <Filter>Source Files</Filter>
    </ClCompile>
    <ClCompile Include="C:\dev\github\mcneel\rhino3dm\src\opennurbs\opennurbs_compress.cpp">
      <Filter>Source Files</Filter>
    </ClCompile>
    <ClCompile Include="C:\dev\github\mcneel\rhino3dm\src\opennurbs\opennurbs_compstat.cpp">
      <Filter>Source Files</Filter>
    </ClCompile>
    <ClCompile Include="C:\dev\github\mcneel\rhino3dm\src\opennurbs\opennurbs_cone.cpp">
      <Filter>Source Files</Filter>
    </ClCompile>
    <ClCompile Include="C:\dev\github\mcneel\rhino3dm\src\opennurbs\opennurbs_crc.cpp">
      <Filter>Source Files</Filter>
    </ClCompile>
    <ClCompile Include="C:\dev\github\mcneel\rhino3dm\src\opennurbs\opennurbs_curve.cpp">
      <Filter>Source Files</Filter>
    </ClCompile>
    <ClCompile Include="C:\dev\github\mcneel\rhino3dm\src\opennurbs\opennurbs_curveonsurface.cpp">
      <Filter>Source Files</Filter>
    </ClCompile>
    <ClCompile Include="C:\dev\github\mcneel\rhino3dm\src\opennurbs\opennurbs_curveproxy.cpp">
      <Filter>Source Files</Filter>
    </ClCompile>
    <ClCompile Include="C:\dev\github\mcneel\rhino3dm\src\opennurbs\opennurbs_cylinder.cpp">
      <Filter>Source Files</Filter>
    </ClCompile>
    <ClCompile Include="C:\dev\github\mcneel\rhino3dm\src\opennurbs\opennurbs_date.cpp">
      <Filter>Source Files</Filter>
    </ClCompile>
    <ClCompile Include="C:\dev\github\mcneel\rhino3dm\src\opennurbs\opennurbs_defines.cpp">
      <Filter>Source Files</Filter>
    </ClCompile>
    <ClCompile Include="C:\dev\github\mcneel\rhino3dm\src\opennurbs\opennurbs_detail.cpp">
      <Filter>Source Files</Filter>
    </ClCompile>
    <ClCompile Include="C:\dev\github\mcneel\rhino3dm\src\opennurbs\opennurbs_dimension.cpp">
      <Filter>Source Files</Filter>
    </ClCompile>
    <ClCompile Include="C:\dev\github\mcneel\rhino3dm\src\opennurbs\opennurbs_dimensionformat.cpp">
      <Filter>Source Files</Filter>
    </ClCompile>
    <ClCompile Include="C:\dev\github\mcneel\rhino3dm\src\opennurbs\opennurbs_dimensionstyle.cpp">
      <Filter>Source Files</Filter>
    </ClCompile>
    <ClCompile Include="C:\dev\github\mcneel\rhino3dm\src\opennurbs\opennurbs_dll.cpp">
      <Filter>Source Files</Filter>
    </ClCompile>
    <ClCompile Include="C:\dev\github\mcneel\rhino3dm\src\opennurbs\opennurbs_ellipse.cpp">
      <Filter>Source Files</Filter>
    </ClCompile>
    <ClCompile Include="C:\dev\github\mcneel\rhino3dm\src\opennurbs\opennurbs_embedded_file.cpp">
      <Filter>Source Files</Filter>
    </ClCompile>
    <ClCompile Include="C:\dev\github\mcneel\rhino3dm\src\opennurbs\opennurbs_error.cpp">
      <Filter>Source Files</Filter>
    </ClCompile>
    <ClCompile Include="C:\dev\github\mcneel\rhino3dm\src\opennurbs\opennurbs_error_message.cpp">
      <Filter>Source Files</Filter>
    </ClCompile>
    <ClCompile Include="C:\dev\github\mcneel\rhino3dm\src\opennurbs\opennurbs_evaluate_nurbs.cpp">
      <Filter>Source Files</Filter>
    </ClCompile>
    <ClCompile Include="C:\dev\github\mcneel\rhino3dm\src\opennurbs\opennurbs_extensions.cpp">
      <Filter>Source Files</Filter>
    </ClCompile>
    <ClCompile Include="C:\dev\github\mcneel\rhino3dm\src\opennurbs\opennurbs_file_utilities.cpp">
      <Filter>Source Files</Filter>
    </ClCompile>
    <ClCompile Include="C:\dev\github\mcneel\rhino3dm\src\opennurbs\opennurbs_font.cpp">
      <Filter>Source Files</Filter>
    </ClCompile>
    <ClCompile Include="C:\dev\github\mcneel\rhino3dm\src\opennurbs\opennurbs_freetype.cpp">
      <Filter>Source Files</Filter>
    </ClCompile>
    <ClCompile Include="C:\dev\github\mcneel\rhino3dm\src\opennurbs\opennurbs_fsp.cpp">
      <Filter>Source Files</Filter>
    </ClCompile>
    <ClCompile Include="C:\dev\github\mcneel\rhino3dm\src\opennurbs\opennurbs_function_list.cpp">
      <Filter>Source Files</Filter>
    </ClCompile>
    <ClCompile Include="C:\dev\github\mcneel\rhino3dm\src\opennurbs\opennurbs_geometry.cpp">
      <Filter>Source Files</Filter>
    </ClCompile>
    <ClCompile Include="C:\dev\github\mcneel\rhino3dm\src\opennurbs\opennurbs_glyph_outline.cpp">
      <Filter>Source Files</Filter>
    </ClCompile>
    <ClCompile Include="C:\dev\github\mcneel\rhino3dm\src\opennurbs\opennurbs_group.cpp">
      <Filter>Source Files</Filter>
    </ClCompile>
    <ClCompile Include="C:\dev\github\mcneel\rhino3dm\src\opennurbs\opennurbs_hash_table.cpp">
      <Filter>Source Files</Filter>
    </ClCompile>
    <ClCompile Include="C:\dev\github\mcneel\rhino3dm\src\opennurbs\opennurbs_hatch.cpp">
      <Filter>Source Files</Filter>
    </ClCompile>
    <ClCompile Include="C:\dev\github\mcneel\rhino3dm\src\opennurbs\opennurbs_instance.cpp">
      <Filter>Source Files</Filter>
    </ClCompile>
    <ClCompile Include="C:\dev\github\mcneel\rhino3dm\src\opennurbs\opennurbs_internal_V2_annotation.cpp">
      <Filter>Source Files</Filter>
    </ClCompile>
    <ClCompile Include="C:\dev\github\mcneel\rhino3dm\src\opennurbs\opennurbs_internal_V5_annotation.cpp">
      <Filter>Source Files</Filter>
    </ClCompile>
    <ClCompile Include="C:\dev\github\mcneel\rhino3dm\src\opennurbs\opennurbs_internal_V5_dimstyle.cpp">
      <Filter>Source Files</Filter>
    </ClCompile>
    <ClCompile Include="C:\dev\github\mcneel\rhino3dm\src\opennurbs\opennurbs_internal_Vx_annotation.cpp">
      <Filter>Source Files</Filter>
    </ClCompile>
    <ClCompile Include="C:\dev\github\mcneel\rhino3dm\src\opennurbs\opennurbs_intersect.cpp">
      <Filter>Source Files</Filter>
    </ClCompile>
    <ClCompile Include="C:\dev\github\mcneel\rhino3dm\src\opennurbs\opennurbs_ipoint.cpp">
      <Filter>Source Files</Filter>
    </ClCompile>
    <ClCompile Include="C:\dev\github\mcneel\rhino3dm\src\opennurbs\opennurbs_knot.cpp">
      <Filter>Source Files</Filter>
    </ClCompile>
    <ClCompile Include="C:\dev\github\mcneel\rhino3dm\src\opennurbs\opennurbs_layer.cpp">
      <Filter>Source Files</Filter>
    </ClCompile>
    <ClCompile Include="C:\dev\github\mcneel\rhino3dm\src\opennurbs\opennurbs_leader.cpp">
      <Filter>Source Files</Filter>
    </ClCompile>
    <ClCompile Include="C:\dev\github\mcneel\rhino3dm\src\opennurbs\opennurbs_light.cpp">
      <Filter>Source Files</Filter>
    </ClCompile>
    <ClCompile Include="C:\dev\github\mcneel\rhino3dm\src\opennurbs\opennurbs_line.cpp">
      <Filter>Source Files</Filter>
    </ClCompile>
    <ClCompile Include="C:\dev\github\mcneel\rhino3dm\src\opennurbs\opennurbs_linecurve.cpp">
      <Filter>Source Files</Filter>
    </ClCompile>
    <ClCompile Include="C:\dev\github\mcneel\rhino3dm\src\opennurbs\opennurbs_linetype.cpp">
      <Filter>Source Files</Filter>
    </ClCompile>
    <ClCompile Include="C:\dev\github\mcneel\rhino3dm\src\opennurbs\opennurbs_locale.cpp">
      <Filter>Source Files</Filter>
    </ClCompile>
    <ClCompile Include="C:\dev\github\mcneel\rhino3dm\src\opennurbs\opennurbs_lock.cpp">
      <Filter>Source Files</Filter>
    </ClCompile>
    <ClCompile Include="C:\dev\github\mcneel\rhino3dm\src\opennurbs\opennurbs_lookup.cpp">
      <Filter>Source Files</Filter>
    </ClCompile>
    <ClCompile Include="C:\dev\github\mcneel\rhino3dm\src\opennurbs\opennurbs_material.cpp">
      <Filter>Source Files</Filter>
    </ClCompile>
    <ClCompile Include="C:\dev\github\mcneel\rhino3dm\src\opennurbs\opennurbs_math.cpp">
      <Filter>Source Files</Filter>
    </ClCompile>
    <ClCompile Include="C:\dev\github\mcneel\rhino3dm\src\opennurbs\opennurbs_matrix.cpp">
      <Filter>Source Files</Filter>
    </ClCompile>
    <ClCompile Include="C:\dev\github\mcneel\rhino3dm\src\opennurbs\opennurbs_md5.cpp">
      <Filter>Source Files</Filter>
    </ClCompile>
    <ClCompile Include="C:\dev\github\mcneel\rhino3dm\src\opennurbs\opennurbs_memory_util.cpp">
      <Filter>Source Files</Filter>
    </ClCompile>
    <ClCompile Include="C:\dev\github\mcneel\rhino3dm\src\opennurbs\opennurbs_mesh.cpp">
      <Filter>Source Files</Filter>
    </ClCompile>
    <ClCompile Include="C:\dev\github\mcneel\rhino3dm\src\opennurbs\opennurbs_mesh_ngon.cpp">
      <Filter>Source Files</Filter>
    </ClCompile>
    <ClCompile Include="C:\dev\github\mcneel\rhino3dm\src\opennurbs\opennurbs_mesh_tools.cpp">
      <Filter>Source Files</Filter>
    </ClCompile>
    <ClCompile Include="C:\dev\github\mcneel\rhino3dm\src\opennurbs\opennurbs_mesh_topology.cpp">
      <Filter>Source Files</Filter>
    </ClCompile>
    <ClCompile Include="C:\dev\github\mcneel\rhino3dm\src\opennurbs\opennurbs_model_component.cpp">
      <Filter>Source Files</Filter>
    </ClCompile>
    <ClCompile Include="C:\dev\github\mcneel\rhino3dm\src\opennurbs\opennurbs_model_geometry.cpp">
      <Filter>Source Files</Filter>
    </ClCompile>
    <ClCompile Include="C:\dev\github\mcneel\rhino3dm\src\opennurbs\opennurbs_morph.cpp">
      <Filter>Source Files</Filter>
    </ClCompile>
    <ClCompile Include="C:\dev\github\mcneel\rhino3dm\src\opennurbs\opennurbs_nurbscurve.cpp">
      <Filter>Source Files</Filter>
    </ClCompile>
    <ClCompile Include="C:\dev\github\mcneel\rhino3dm\src\opennurbs\opennurbs_nurbssurface.cpp">
      <Filter>Source Files</Filter>
    </ClCompile>
    <ClCompile Include="C:\dev\github\mcneel\rhino3dm\src\opennurbs\opennurbs_nurbsvolume.cpp">
      <Filter>Source Files</Filter>
    </ClCompile>
    <ClCompile Include="C:\dev\github\mcneel\rhino3dm\src\opennurbs\opennurbs_object.cpp">
      <Filter>Source Files</Filter>
    </ClCompile>
    <ClCompile Include="C:\dev\github\mcneel\rhino3dm\src\opennurbs\opennurbs_object_history.cpp">
      <Filter>Source Files</Filter>
    </ClCompile>
    <ClCompile Include="C:\dev\github\mcneel\rhino3dm\src\opennurbs\opennurbs_objref.cpp">
      <Filter>Source Files</Filter>
    </ClCompile>
    <ClCompile Include="C:\dev\github\mcneel\rhino3dm\src\opennurbs\opennurbs_offsetsurface.cpp">
      <Filter>Source Files</Filter>
    </ClCompile>
    <ClCompile Include="C:\dev\github\mcneel\rhino3dm\src\opennurbs\opennurbs_optimize.cpp">
      <Filter>Source Files</Filter>
    </ClCompile>
    <ClCompile Include="C:\dev\github\mcneel\rhino3dm\src\opennurbs\opennurbs_parse_angle.cpp">
      <Filter>Source Files</Filter>
    </ClCompile>
    <ClCompile Include="C:\dev\github\mcneel\rhino3dm\src\opennurbs\opennurbs_parse_length.cpp">
      <Filter>Source Files</Filter>
    </ClCompile>
    <ClCompile Include="C:\dev\github\mcneel\rhino3dm\src\opennurbs\opennurbs_parse_number.cpp">
      <Filter>Source Files</Filter>
    </ClCompile>
    <ClCompile Include="C:\dev\github\mcneel\rhino3dm\src\opennurbs\opennurbs_parse_point.cpp">
      <Filter>Source Files</Filter>
    </ClCompile>
    <ClCompile Include="C:\dev\github\mcneel\rhino3dm\src\opennurbs\opennurbs_parse_settings.cpp">
      <Filter>Source Files</Filter>
    </ClCompile>
    <ClCompile Include="C:\dev\github\mcneel\rhino3dm\src\opennurbs\opennurbs_photogrammetry.cpp">
      <Filter>Source Files</Filter>
    </ClCompile>
    <ClCompile Include="C:\dev\github\mcneel\rhino3dm\src\opennurbs\opennurbs_plane.cpp">
      <Filter>Source Files</Filter>
    </ClCompile>
    <ClCompile Include="C:\dev\github\mcneel\rhino3dm\src\opennurbs\opennurbs_planesurface.cpp">
      <Filter>Source Files</Filter>
    </ClCompile>
    <ClCompile Include="C:\dev\github\mcneel\rhino3dm\src\opennurbs\opennurbs_pluginlist.cpp">
      <Filter>Source Files</Filter>
    </ClCompile>
    <ClCompile Include="C:\dev\github\mcneel\rhino3dm\src\opennurbs\opennurbs_point.cpp">
      <Filter>Source Files</Filter>
    </ClCompile>
    <ClCompile Include="C:\dev\github\mcneel\rhino3dm\src\opennurbs\opennurbs_pointcloud.cpp">
      <Filter>Source Files</Filter>
    </ClCompile>
    <ClCompile Include="C:\dev\github\mcneel\rhino3dm\src\opennurbs\opennurbs_pointgeometry.cpp">
      <Filter>Source Files</Filter>
    </ClCompile>
    <ClCompile Include="C:\dev\github\mcneel\rhino3dm\src\opennurbs\opennurbs_pointgrid.cpp">
      <Filter>Source Files</Filter>
    </ClCompile>
    <ClCompile Include="C:\dev\github\mcneel\rhino3dm\src\opennurbs\opennurbs_polycurve.cpp">
      <Filter>Source Files</Filter>
    </ClCompile>
    <ClCompile Include="C:\dev\github\mcneel\rhino3dm\src\opennurbs\opennurbs_polyedgecurve.cpp">
      <Filter>Source Files</Filter>
    </ClCompile>
    <ClCompile Include="C:\dev\github\mcneel\rhino3dm\src\opennurbs\opennurbs_polyline.cpp">
      <Filter>Source Files</Filter>
    </ClCompile>
    <ClCompile Include="C:\dev\github\mcneel\rhino3dm\src\opennurbs\opennurbs_polylinecurve.cpp">
      <Filter>Source Files</Filter>
    </ClCompile>
    <ClCompile Include="C:\dev\github\mcneel\rhino3dm\src\opennurbs\opennurbs_precompiledheader.cpp">
      <Filter>Source Files</Filter>
    </ClCompile>
    <ClCompile Include="C:\dev\github\mcneel\rhino3dm\src\opennurbs\opennurbs_progress_reporter.cpp">
      <Filter>Source Files</Filter>
    </ClCompile>
    <ClCompile Include="C:\dev\github\mcneel\rhino3dm\src\opennurbs\opennurbs_public_memory.cpp">
      <Filter>Source Files</Filter>
    </ClCompile>
    <ClCompile Include="C:\dev\github\mcneel\rhino3dm\src\opennurbs\opennurbs_quaternion.cpp">
      <Filter>Source Files</Filter>
    </ClCompile>
    <ClCompile Include="C:\dev\github\mcneel\rhino3dm\src\opennurbs\opennurbs_rand.cpp">
      <Filter>Source Files</Filter>
    </ClCompile>
    <ClCompile Include="C:\dev\github\mcneel\rhino3dm\src\opennurbs\opennurbs_revsurface.cpp">
      <Filter>Source Files</Filter>
    </ClCompile>
    <ClCompile Include="C:\dev\github\mcneel\rhino3dm\src\opennurbs\opennurbs_rtree.cpp">
      <Filter>Source Files</Filter>
    </ClCompile>
    <ClCompile Include="C:\dev\github\mcneel\rhino3dm\src\opennurbs\opennurbs_sha1.cpp">
      <Filter>Source Files</Filter>
    </ClCompile>
    <ClCompile Include="C:\dev\github\mcneel\rhino3dm\src\opennurbs\opennurbs_sort.cpp">
      <Filter>Source Files</Filter>
    </ClCompile>
    <ClCompile Include="C:\dev\github\mcneel\rhino3dm\src\opennurbs\opennurbs_sphere.cpp">
      <Filter>Source Files</Filter>
    </ClCompile>
    <ClCompile Include="C:\dev\github\mcneel\rhino3dm\src\opennurbs\opennurbs_statics.cpp">
      <Filter>Source Files</Filter>
    </ClCompile>
    <ClCompile Include="C:\dev\github\mcneel\rhino3dm\src\opennurbs\opennurbs_std_string_format.cpp">
      <Filter>Source Files</Filter>
    </ClCompile>
    <ClCompile Include="C:\dev\github\mcneel\rhino3dm\src\opennurbs\opennurbs_std_string_utf.cpp">
      <Filter>Source Files</Filter>
    </ClCompile>
    <ClCompile Include="C:\dev\github\mcneel\rhino3dm\src\opennurbs\opennurbs_string.cpp">
      <Filter>Source Files</Filter>
    </ClCompile>
    <ClCompile Include="C:\dev\github\mcneel\rhino3dm\src\opennurbs\opennurbs_string_compare.cpp">
      <Filter>Source Files</Filter>
    </ClCompile>
    <ClCompile Include="C:\dev\github\mcneel\rhino3dm\src\opennurbs\opennurbs_string_format.cpp">
      <Filter>Source Files</Filter>
    </ClCompile>
    <ClCompile Include="C:\dev\github\mcneel\rhino3dm\src\opennurbs\opennurbs_string_scan.cpp">
      <Filter>Source Files</Filter>
    </ClCompile>
    <ClCompile Include="C:\dev\github\mcneel\rhino3dm\src\opennurbs\opennurbs_string_values.cpp">
      <Filter>Source Files</Filter>
    </ClCompile>
    <ClCompile Include="C:\dev\github\mcneel\rhino3dm\src\opennurbs\opennurbs_subd.cpp">
      <Filter>Source Files</Filter>
    </ClCompile>
    <ClCompile Include="C:\dev\github\mcneel\rhino3dm\src\opennurbs\opennurbs_subd_archive.cpp">
      <Filter>Source Files</Filter>
    </ClCompile>
    <ClCompile Include="C:\dev\github\mcneel\rhino3dm\src\opennurbs\opennurbs_subd_copy.cpp">
      <Filter>Source Files</Filter>
    </ClCompile>
    <ClCompile Include="C:\dev\github\mcneel\rhino3dm\src\opennurbs\opennurbs_subd_data.cpp">
      <Filter>Source Files</Filter>
    </ClCompile>
    <ClCompile Include="C:\dev\github\mcneel\rhino3dm\src\opennurbs\opennurbs_subd_eval.cpp">
      <Filter>Source Files</Filter>
    </ClCompile>
    <ClCompile Include="C:\dev\github\mcneel\rhino3dm\src\opennurbs\opennurbs_subd_fragment.cpp">
      <Filter>Source Files</Filter>
    </ClCompile>
    <ClCompile Include="C:\dev\github\mcneel\rhino3dm\src\opennurbs\opennurbs_subd_frommesh.cpp">
      <Filter>Source Files</Filter>
    </ClCompile>
    <ClCompile Include="C:\dev\github\mcneel\rhino3dm\src\opennurbs\opennurbs_subd_heap.cpp">
      <Filter>Source Files</Filter>
    </ClCompile>
    <ClCompile Include="C:\dev\github\mcneel\rhino3dm\src\opennurbs\opennurbs_subd_iter.cpp">
      <Filter>Source Files</Filter>
    </ClCompile>
    <ClCompile Include="C:\dev\github\mcneel\rhino3dm\src\opennurbs\opennurbs_subd_limit.cpp">
      <Filter>Source Files</Filter>
    </ClCompile>
    <ClCompile Include="C:\dev\github\mcneel\rhino3dm\src\opennurbs\opennurbs_subd_matrix.cpp">
      <Filter>Source Files</Filter>
    </ClCompile>
    <ClCompile Include="C:\dev\github\mcneel\rhino3dm\src\opennurbs\opennurbs_subd_mesh.cpp">
      <Filter>Source Files</Filter>
    </ClCompile>
    <ClCompile Include="C:\dev\github\mcneel\rhino3dm\src\opennurbs\opennurbs_subd_ref.cpp">
      <Filter>Source Files</Filter>
    </ClCompile>
    <ClCompile Include="C:\dev\github\mcneel\rhino3dm\src\opennurbs\opennurbs_subd_ring.cpp">
      <Filter>Source Files</Filter>
    </ClCompile>
    <ClCompile Include="C:\dev\github\mcneel\rhino3dm\src\opennurbs\opennurbs_subd_sector.cpp">
      <Filter>Source Files</Filter>
    </ClCompile>
    <ClCompile Include="C:\dev\github\mcneel\rhino3dm\src\opennurbs\opennurbs_sum.cpp">
      <Filter>Source Files</Filter>
    </ClCompile>
    <ClCompile Include="C:\dev\github\mcneel\rhino3dm\src\opennurbs\opennurbs_sumsurface.cpp">
      <Filter>Source Files</Filter>
    </ClCompile>
    <ClCompile Include="C:\dev\github\mcneel\rhino3dm\src\opennurbs\opennurbs_surface.cpp">
      <Filter>Source Files</Filter>
    </ClCompile>
    <ClCompile Include="C:\dev\github\mcneel\rhino3dm\src\opennurbs\opennurbs_surfaceproxy.cpp">
      <Filter>Source Files</Filter>
    </ClCompile>
    <ClCompile Include="C:\dev\github\mcneel\rhino3dm\src\opennurbs\opennurbs_terminator.cpp">
      <Filter>Source Files</Filter>
    </ClCompile>
    <ClCompile Include="C:\dev\github\mcneel\rhino3dm\src\opennurbs\opennurbs_text.cpp">
      <Filter>Source Files</Filter>
    </ClCompile>
    <ClCompile Include="C:\dev\github\mcneel\rhino3dm\src\opennurbs\opennurbs_text_style.cpp">
      <Filter>Source Files</Filter>
    </ClCompile>
    <ClCompile Include="C:\dev\github\mcneel\rhino3dm\src\opennurbs\opennurbs_textcontext.cpp">
      <Filter>Source Files</Filter>
    </ClCompile>
    <ClCompile Include="C:\dev\github\mcneel\rhino3dm\src\opennurbs\opennurbs_textdraw.cpp">
      <Filter>Source Files</Filter>
    </ClCompile>
    <ClCompile Include="C:\dev\github\mcneel\rhino3dm\src\opennurbs\opennurbs_textglyph.cpp">
      <Filter>Source Files</Filter>
    </ClCompile>
    <ClCompile Include="C:\dev\github\mcneel\rhino3dm\src\opennurbs\opennurbs_textiterator.cpp">
      <Filter>Source Files</Filter>
    </ClCompile>
    <ClCompile Include="C:\dev\github\mcneel\rhino3dm\src\opennurbs\opennurbs_textlog.cpp">
      <Filter>Source Files</Filter>
    </ClCompile>
    <ClCompile Include="C:\dev\github\mcneel\rhino3dm\src\opennurbs\opennurbs_textobject.cpp">
      <Filter>Source Files</Filter>
    </ClCompile>
    <ClCompile Include="C:\dev\github\mcneel\rhino3dm\src\opennurbs\opennurbs_textrun.cpp">
      <Filter>Source Files</Filter>
    </ClCompile>
    <ClCompile Include="C:\dev\github\mcneel\rhino3dm\src\opennurbs\opennurbs_topology.cpp">
      <Filter>Source Files</Filter>
    </ClCompile>
    <ClCompile Include="C:\dev\github\mcneel\rhino3dm\src\opennurbs\opennurbs_torus.cpp">
      <Filter>Source Files</Filter>
    </ClCompile>
    <ClCompile Include="C:\dev\github\mcneel\rhino3dm\src\opennurbs\opennurbs_unicode.cpp">
      <Filter>Source Files</Filter>
    </ClCompile>
    <ClCompile Include="C:\dev\github\mcneel\rhino3dm\src\opennurbs\opennurbs_unicode_cpsb.cpp">
      <Filter>Source Files</Filter>
    </ClCompile>
    <ClCompile Include="C:\dev\github\mcneel\rhino3dm\src\opennurbs\opennurbs_units.cpp">
      <Filter>Source Files</Filter>
    </ClCompile>
    <ClCompile Include="C:\dev\github\mcneel\rhino3dm\src\opennurbs\opennurbs_userdata.cpp">
      <Filter>Source Files</Filter>
    </ClCompile>
    <ClCompile Include="C:\dev\github\mcneel\rhino3dm\src\opennurbs\opennurbs_userdata_obsolete.cpp">
      <Filter>Source Files</Filter>
    </ClCompile>
    <ClCompile Include="C:\dev\github\mcneel\rhino3dm\src\opennurbs\opennurbs_uuid.cpp">
      <Filter>Source Files</Filter>
    </ClCompile>
    <ClCompile Include="C:\dev\github\mcneel\rhino3dm\src\opennurbs\opennurbs_version.cpp">
      <Filter>Source Files</Filter>
    </ClCompile>
    <ClCompile Include="C:\dev\github\mcneel\rhino3dm\src\opennurbs\opennurbs_version_number.cpp">
      <Filter>Source Files</Filter>
    </ClCompile>
    <ClCompile Include="C:\dev\github\mcneel\rhino3dm\src\opennurbs\opennurbs_viewport.cpp">
      <Filter>Source Files</Filter>
    </ClCompile>
    <ClCompile Include="C:\dev\github\mcneel\rhino3dm\src\opennurbs\opennurbs_win_dwrite.cpp">
      <Filter>Source Files</Filter>
    </ClCompile>
    <ClCompile Include="C:\dev\github\mcneel\rhino3dm\src\opennurbs\opennurbs_workspace.cpp">
      <Filter>Source Files</Filter>
    </ClCompile>
    <ClCompile Include="C:\dev\github\mcneel\rhino3dm\src\opennurbs\opennurbs_wstring.cpp">
      <Filter>Source Files</Filter>
    </ClCompile>
    <ClCompile Include="C:\dev\github\mcneel\rhino3dm\src\opennurbs\opennurbs_xform.cpp">
      <Filter>Source Files</Filter>
    </ClCompile>
    <ClCompile Include="C:\dev\github\mcneel\rhino3dm\src\opennurbs\opennurbs_zlib.cpp">
      <Filter>Source Files</Filter>
    </ClCompile>
    <ClCompile Include="C:\dev\github\mcneel\rhino3dm\src\opennurbs\opennurbs_zlib_memory.cpp">
      <Filter>Source Files</Filter>
    </ClCompile>
  </ItemGroup>
  <ItemGroup>
    <ClInclude Include="C:\dev\github\mcneel\rhino3dm\src\opennurbs\examples.h">
      <Filter>Header Files</Filter>
    </ClInclude>
    <ClInclude Include="C:\dev\github\mcneel\rhino3dm\src\opennurbs\examples_linking_pragmas.h">
      <Filter>Header Files</Filter>
    </ClInclude>
    <ClInclude Include="C:\dev\github\mcneel\rhino3dm\src\opennurbs\opennurbs.h">
      <Filter>Header Files</Filter>
    </ClInclude>
    <ClInclude Include="C:\dev\github\mcneel\rhino3dm\src\opennurbs\opennurbs_3dm.h">
      <Filter>Header Files</Filter>
    </ClInclude>
    <ClInclude Include="C:\dev\github\mcneel\rhino3dm\src\opennurbs\opennurbs_3dm_attributes.h">
      <Filter>Header Files</Filter>
    </ClInclude>
    <ClInclude Include="C:\dev\github\mcneel\rhino3dm\src\opennurbs\opennurbs_3dm_properties.h">
      <Filter>Header Files</Filter>
    </ClInclude>
    <ClInclude Include="C:\dev\github\mcneel\rhino3dm\src\opennurbs\opennurbs_3dm_settings.h">
      <Filter>Header Files</Filter>
    </ClInclude>
    <ClInclude Include="C:\dev\github\mcneel\rhino3dm\src\opennurbs\opennurbs_annotationbase.h">
      <Filter>Header Files</Filter>
    </ClInclude>
    <ClInclude Include="C:\dev\github\mcneel\rhino3dm\src\opennurbs\opennurbs_apple_nsfont.h">
      <Filter>Header Files</Filter>
    </ClInclude>
    <ClInclude Include="C:\dev\github\mcneel\rhino3dm\src\opennurbs\opennurbs_arc.h">
      <Filter>Header Files</Filter>
    </ClInclude>
    <ClInclude Include="C:\dev\github\mcneel\rhino3dm\src\opennurbs\opennurbs_arccurve.h">
      <Filter>Header Files</Filter>
    </ClInclude>
    <ClInclude Include="C:\dev\github\mcneel\rhino3dm\src\opennurbs\opennurbs_archive.h">
      <Filter>Header Files</Filter>
    </ClInclude>
    <ClInclude Include="C:\dev\github\mcneel\rhino3dm\src\opennurbs\opennurbs_array.h">
      <Filter>Header Files</Filter>
    </ClInclude>
    <ClInclude Include="C:\dev\github\mcneel\rhino3dm\src\opennurbs\opennurbs_array_defs.h">
      <Filter>Header Files</Filter>
    </ClInclude>
    <ClInclude Include="C:\dev\github\mcneel\rhino3dm\src\opennurbs\opennurbs_atomic_op.h">
      <Filter>Header Files</Filter>
    </ClInclude>
    <ClInclude Include="C:\dev\github\mcneel\rhino3dm\src\opennurbs\opennurbs_base32.h">
      <Filter>Header Files</Filter>
    </ClInclude>
    <ClInclude Include="C:\dev\github\mcneel\rhino3dm\src\opennurbs\opennurbs_base64.h">
      <Filter>Header Files</Filter>
    </ClInclude>
    <ClInclude Include="C:\dev\github\mcneel\rhino3dm\src\opennurbs\opennurbs_beam.h">
      <Filter>Header Files</Filter>
    </ClInclude>
    <ClInclude Include="C:\dev\github\mcneel\rhino3dm\src\opennurbs\opennurbs_bezier.h">
      <Filter>Header Files</Filter>
    </ClInclude>
    <ClInclude Include="C:\dev\github\mcneel\rhino3dm\src\opennurbs\opennurbs_bitmap.h">
      <Filter>Header Files</Filter>
    </ClInclude>
    <ClInclude Include="C:\dev\github\mcneel\rhino3dm\src\opennurbs\opennurbs_bounding_box.h">
      <Filter>Header Files</Filter>
    </ClInclude>
    <ClInclude Include="C:\dev\github\mcneel\rhino3dm\src\opennurbs\opennurbs_box.h">
      <Filter>Header Files</Filter>
    </ClInclude>
    <ClInclude Include="C:\dev\github\mcneel\rhino3dm\src\opennurbs\opennurbs_brep.h">
      <Filter>Header Files</Filter>
    </ClInclude>
    <ClInclude Include="C:\dev\github\mcneel\rhino3dm\src\opennurbs\opennurbs_circle.h">
      <Filter>Header Files</Filter>
    </ClInclude>
    <ClInclude Include="C:\dev\github\mcneel\rhino3dm\src\opennurbs\opennurbs_color.h">
      <Filter>Header Files</Filter>
    </ClInclude>
    <ClInclude Include="C:\dev\github\mcneel\rhino3dm\src\opennurbs\opennurbs_compress.h">
      <Filter>Header Files</Filter>
    </ClInclude>
    <ClInclude Include="C:\dev\github\mcneel\rhino3dm\src\opennurbs\opennurbs_compstat.h">
      <Filter>Header Files</Filter>
    </ClInclude>
    <ClInclude Include="C:\dev\github\mcneel\rhino3dm\src\opennurbs\opennurbs_cone.h">
      <Filter>Header Files</Filter>
    </ClInclude>
    <ClInclude Include="C:\dev\github\mcneel\rhino3dm\src\opennurbs\opennurbs_cpp_base.h">
      <Filter>Header Files</Filter>
    </ClInclude>
    <ClInclude Include="C:\dev\github\mcneel\rhino3dm\src\opennurbs\opennurbs_crc.h">
      <Filter>Header Files</Filter>
    </ClInclude>
    <ClInclude Include="C:\dev\github\mcneel\rhino3dm\src\opennurbs\opennurbs_curve.h">
      <Filter>Header Files</Filter>
    </ClInclude>
    <ClInclude Include="C:\dev\github\mcneel\rhino3dm\src\opennurbs\opennurbs_curveonsurface.h">
      <Filter>Header Files</Filter>
    </ClInclude>
    <ClInclude Include="C:\dev\github\mcneel\rhino3dm\src\opennurbs\opennurbs_curveproxy.h">
      <Filter>Header Files</Filter>
    </ClInclude>
    <ClInclude Include="C:\dev\github\mcneel\rhino3dm\src\opennurbs\opennurbs_cylinder.h">
      <Filter>Header Files</Filter>
    </ClInclude>
    <ClInclude Include="C:\dev\github\mcneel\rhino3dm\src\opennurbs\opennurbs_date.h">
      <Filter>Header Files</Filter>
    </ClInclude>
    <ClInclude Include="C:\dev\github\mcneel\rhino3dm\src\opennurbs\opennurbs_defines.h">
      <Filter>Header Files</Filter>
    </ClInclude>
    <ClInclude Include="C:\dev\github\mcneel\rhino3dm\src\opennurbs\opennurbs_detail.h">
      <Filter>Header Files</Filter>
    </ClInclude>
    <ClInclude Include="C:\dev\github\mcneel\rhino3dm\src\opennurbs\opennurbs_dimension.h">
      <Filter>Header Files</Filter>
    </ClInclude>
    <ClInclude Include="C:\dev\github\mcneel\rhino3dm\src\opennurbs\opennurbs_dimensionformat.h">
      <Filter>Header Files</Filter>
    </ClInclude>
    <ClInclude Include="C:\dev\github\mcneel\rhino3dm\src\opennurbs\opennurbs_dimensionstyle.h">
      <Filter>Header Files</Filter>
    </ClInclude>
    <ClInclude Include="C:\dev\github\mcneel\rhino3dm\src\opennurbs\opennurbs_dll_resource.h">
      <Filter>Header Files</Filter>
    </ClInclude>
    <ClInclude Include="C:\dev\github\mcneel\rhino3dm\src\opennurbs\opennurbs_ellipse.h">
      <Filter>Header Files</Filter>
    </ClInclude>
    <ClInclude Include="C:\dev\github\mcneel\rhino3dm\src\opennurbs\opennurbs_error.h">
      <Filter>Header Files</Filter>
    </ClInclude>
    <ClInclude Include="C:\dev\github\mcneel\rhino3dm\src\opennurbs\opennurbs_evaluate_nurbs.h">
      <Filter>Header Files</Filter>
    </ClInclude>
    <ClInclude Include="C:\dev\github\mcneel\rhino3dm\src\opennurbs\opennurbs_extensions.h">
      <Filter>Header Files</Filter>
    </ClInclude>
    <ClInclude Include="C:\dev\github\mcneel\rhino3dm\src\opennurbs\opennurbs_file_utilities.h">
      <Filter>Header Files</Filter>
    </ClInclude>
    <ClInclude Include="C:\dev\github\mcneel\rhino3dm\src\opennurbs\opennurbs_font.h">
      <Filter>Header Files</Filter>
    </ClInclude>
    <ClInclude Include="C:\dev\github\mcneel\rhino3dm\src\opennurbs\opennurbs_fpoint.h">
      <Filter>Header Files</Filter>
    </ClInclude>
    <ClInclude Include="C:\dev\github\mcneel\rhino3dm\src\opennurbs\opennurbs_freetype.h">
      <Filter>Header Files</Filter>
    </ClInclude>
    <ClInclude Include="C:\dev\github\mcneel\rhino3dm\src\opennurbs\opennurbs_freetype_include.h">
      <Filter>Header Files</Filter>
    </ClInclude>
    <ClInclude Include="C:\dev\github\mcneel\rhino3dm\src\opennurbs\opennurbs_fsp.h">
      <Filter>Header Files</Filter>
    </ClInclude>
    <ClInclude Include="C:\dev\github\mcneel\rhino3dm\src\opennurbs\opennurbs_fsp_defs.h">
      <Filter>Header Files</Filter>
    </ClInclude>
    <ClInclude Include="C:\dev\github\mcneel\rhino3dm\src\opennurbs\opennurbs_function_list.h">
      <Filter>Header Files</Filter>
    </ClInclude>
    <ClInclude Include="C:\dev\github\mcneel\rhino3dm\src\opennurbs\opennurbs_geometry.h">
      <Filter>Header Files</Filter>
    </ClInclude>
    <ClInclude Include="C:\dev\github\mcneel\rhino3dm\src\opennurbs\opennurbs_gl.h">
      <Filter>Header Files</Filter>
    </ClInclude>
    <ClInclude Include="C:\dev\github\mcneel\rhino3dm\src\opennurbs\opennurbs_group.h">
      <Filter>Header Files</Filter>
    </ClInclude>
    <ClInclude Include="C:\dev\github\mcneel\rhino3dm\src\opennurbs\opennurbs_hash_table.h">
      <Filter>Header Files</Filter>
    </ClInclude>
    <ClInclude Include="C:\dev\github\mcneel\rhino3dm\src\opennurbs\opennurbs_hatch.h">
      <Filter>Header Files</Filter>
    </ClInclude>
    <ClInclude Include="C:\dev\github\mcneel\rhino3dm\src\opennurbs\opennurbs_hsort_template.h">
      <Filter>Header Files</Filter>
    </ClInclude>
    <ClInclude Include="C:\dev\github\mcneel\rhino3dm\src\opennurbs\opennurbs_input_libsdir.h">
      <Filter>Header Files</Filter>
    </ClInclude>
    <ClInclude Include="C:\dev\github\mcneel\rhino3dm\src\opennurbs\opennurbs_instance.h">
      <Filter>Header Files</Filter>
    </ClInclude>
    <ClInclude Include="C:\dev\github\mcneel\rhino3dm\src\opennurbs\opennurbs_internal_V2_annotation.h">
      <Filter>Header Files</Filter>
    </ClInclude>
    <ClInclude Include="C:\dev\github\mcneel\rhino3dm\src\opennurbs\opennurbs_internal_V5_annotation.h">
      <Filter>Header Files</Filter>
    </ClInclude>
    <ClInclude Include="C:\dev\github\mcneel\rhino3dm\src\opennurbs\opennurbs_internal_V5_dimstyle.h">
      <Filter>Header Files</Filter>
    </ClInclude>
    <ClInclude Include="C:\dev\github\mcneel\rhino3dm\src\opennurbs\opennurbs_internal_defines.h">
      <Filter>Header Files</Filter>
    </ClInclude>
    <ClInclude Include="C:\dev\github\mcneel\rhino3dm\src\opennurbs\opennurbs_internal_glyph.h">
      <Filter>Header Files</Filter>
    </ClInclude>
    <ClInclude Include="C:\dev\github\mcneel\rhino3dm\src\opennurbs\opennurbs_internal_unicode_cp.h">
      <Filter>Header Files</Filter>
    </ClInclude>
    <ClInclude Include="C:\dev\github\mcneel\rhino3dm\src\opennurbs\opennurbs_intersect.h">
      <Filter>Header Files</Filter>
    </ClInclude>
    <ClInclude Include="C:\dev\github\mcneel\rhino3dm\src\opennurbs\opennurbs_ipoint.h">
      <Filter>Header Files</Filter>
    </ClInclude>
    <ClInclude Include="C:\dev\github\mcneel\rhino3dm\src\opennurbs\opennurbs_knot.h">
      <Filter>Header Files</Filter>
    </ClInclude>
    <ClInclude Include="C:\dev\github\mcneel\rhino3dm\src\opennurbs\opennurbs_layer.h">
      <Filter>Header Files</Filter>
    </ClInclude>
    <ClInclude Include="C:\dev\github\mcneel\rhino3dm\src\opennurbs\opennurbs_leader.h">
      <Filter>Header Files</Filter>
    </ClInclude>
    <ClInclude Include="C:\dev\github\mcneel\rhino3dm\src\opennurbs\opennurbs_light.h">
      <Filter>Header Files</Filter>
    </ClInclude>
    <ClInclude Include="C:\dev\github\mcneel\rhino3dm\src\opennurbs\opennurbs_line.h">
      <Filter>Header Files</Filter>
    </ClInclude>
    <ClInclude Include="C:\dev\github\mcneel\rhino3dm\src\opennurbs\opennurbs_linecurve.h">
      <Filter>Header Files</Filter>
    </ClInclude>
    <ClInclude Include="C:\dev\github\mcneel\rhino3dm\src\opennurbs\opennurbs_linestyle.h">
      <Filter>Header Files</Filter>
    </ClInclude>
    <ClInclude Include="C:\dev\github\mcneel\rhino3dm\src\opennurbs\opennurbs_linetype.h">
      <Filter>Header Files</Filter>
    </ClInclude>
    <ClInclude Include="C:\dev\github\mcneel\rhino3dm\src\opennurbs\opennurbs_locale.h">
      <Filter>Header Files</Filter>
    </ClInclude>
    <ClInclude Include="C:\dev\github\mcneel\rhino3dm\src\opennurbs\opennurbs_lock.h">
      <Filter>Header Files</Filter>
    </ClInclude>
    <ClInclude Include="C:\dev\github\mcneel\rhino3dm\src\opennurbs\opennurbs_lookup.h">
      <Filter>Header Files</Filter>
    </ClInclude>
    <ClInclude Include="C:\dev\github\mcneel\rhino3dm\src\opennurbs\opennurbs_mapchan.h">
      <Filter>Header Files</Filter>
    </ClInclude>
    <ClInclude Include="C:\dev\github\mcneel\rhino3dm\src\opennurbs\opennurbs_material.h">
      <Filter>Header Files</Filter>
    </ClInclude>
    <ClInclude Include="C:\dev\github\mcneel\rhino3dm\src\opennurbs\opennurbs_math.h">
      <Filter>Header Files</Filter>
    </ClInclude>
    <ClInclude Include="C:\dev\github\mcneel\rhino3dm\src\opennurbs\opennurbs_matrix.h">
      <Filter>Header Files</Filter>
    </ClInclude>
    <ClInclude Include="C:\dev\github\mcneel\rhino3dm\src\opennurbs\opennurbs_md5.h">
      <Filter>Header Files</Filter>
    </ClInclude>
    <ClInclude Include="C:\dev\github\mcneel\rhino3dm\src\opennurbs\opennurbs_memory.h">
      <Filter>Header Files</Filter>
    </ClInclude>
    <ClInclude Include="C:\dev\github\mcneel\rhino3dm\src\opennurbs\opennurbs_mesh.h">
      <Filter>Header Files</Filter>
    </ClInclude>
    <ClInclude Include="C:\dev\github\mcneel\rhino3dm\src\opennurbs\opennurbs_model_component.h">
      <Filter>Header Files</Filter>
    </ClInclude>
    <ClInclude Include="C:\dev\github\mcneel\rhino3dm\src\opennurbs\opennurbs_model_geometry.h">
      <Filter>Header Files</Filter>
    </ClInclude>
    <ClInclude Include="C:\dev\github\mcneel\rhino3dm\src\opennurbs\opennurbs_nurbscurve.h">
      <Filter>Header Files</Filter>
    </ClInclude>
    <ClInclude Include="C:\dev\github\mcneel\rhino3dm\src\opennurbs\opennurbs_nurbssurface.h">
      <Filter>Header Files</Filter>
    </ClInclude>
    <ClInclude Include="C:\dev\github\mcneel\rhino3dm\src\opennurbs\opennurbs_object.h">
      <Filter>Header Files</Filter>
    </ClInclude>
    <ClInclude Include="C:\dev\github\mcneel\rhino3dm\src\opennurbs\opennurbs_object_history.h">
      <Filter>Header Files</Filter>
    </ClInclude>
    <ClInclude Include="C:\dev\github\mcneel\rhino3dm\src\opennurbs\opennurbs_objref.h">
      <Filter>Header Files</Filter>
    </ClInclude>
    <ClInclude Include="C:\dev\github\mcneel\rhino3dm\src\opennurbs\opennurbs_offsetsurface.h">
      <Filter>Header Files</Filter>
    </ClInclude>
    <ClInclude Include="C:\dev\github\mcneel\rhino3dm\src\opennurbs\opennurbs_optimize.h">
      <Filter>Header Files</Filter>
    </ClInclude>
    <ClInclude Include="C:\dev\github\mcneel\rhino3dm\src\opennurbs\opennurbs_parse.h">
      <Filter>Header Files</Filter>
    </ClInclude>
    <ClInclude Include="C:\dev\github\mcneel\rhino3dm\src\opennurbs\opennurbs_photogrammetry.h">
      <Filter>Header Files</Filter>
    </ClInclude>
    <ClInclude Include="C:\dev\github\mcneel\rhino3dm\src\opennurbs\opennurbs_plane.h">
      <Filter>Header Files</Filter>
    </ClInclude>
    <ClInclude Include="C:\dev\github\mcneel\rhino3dm\src\opennurbs\opennurbs_planesurface.h">
      <Filter>Header Files</Filter>
    </ClInclude>
    <ClInclude Include="C:\dev\github\mcneel\rhino3dm\src\opennurbs\opennurbs_pluginlist.h">
      <Filter>Header Files</Filter>
    </ClInclude>
    <ClInclude Include="C:\dev\github\mcneel\rhino3dm\src\opennurbs\opennurbs_point.h">
      <Filter>Header Files</Filter>
    </ClInclude>
    <ClInclude Include="C:\dev\github\mcneel\rhino3dm\src\opennurbs\opennurbs_pointcloud.h">
      <Filter>Header Files</Filter>
    </ClInclude>
    <ClInclude Include="C:\dev\github\mcneel\rhino3dm\src\opennurbs\opennurbs_pointgeometry.h">
      <Filter>Header Files</Filter>
    </ClInclude>
    <ClInclude Include="C:\dev\github\mcneel\rhino3dm\src\opennurbs\opennurbs_pointgrid.h">
      <Filter>Header Files</Filter>
    </ClInclude>
    <ClInclude Include="C:\dev\github\mcneel\rhino3dm\src\opennurbs\opennurbs_polycurve.h">
      <Filter>Header Files</Filter>
    </ClInclude>
    <ClInclude Include="C:\dev\github\mcneel\rhino3dm\src\opennurbs\opennurbs_polyedgecurve.h">
      <Filter>Header Files</Filter>
    </ClInclude>
    <ClInclude Include="C:\dev\github\mcneel\rhino3dm\src\opennurbs\opennurbs_polyline.h">
      <Filter>Header Files</Filter>
    </ClInclude>
    <ClInclude Include="C:\dev\github\mcneel\rhino3dm\src\opennurbs\opennurbs_polylinecurve.h">
      <Filter>Header Files</Filter>
    </ClInclude>
    <ClInclude Include="C:\dev\github\mcneel\rhino3dm\src\opennurbs\opennurbs_private_wrap.h">
      <Filter>Header Files</Filter>
    </ClInclude>
    <ClInclude Include="C:\dev\github\mcneel\rhino3dm\src\opennurbs\opennurbs_private_wrap_defs.h">
      <Filter>Header Files</Filter>
    </ClInclude>
    <ClInclude Include="C:\dev\github\mcneel\rhino3dm\src\opennurbs\opennurbs_progress_reporter.h">
      <Filter>Header Files</Filter>
    </ClInclude>
    <ClInclude Include="C:\dev\github\mcneel\rhino3dm\src\opennurbs\opennurbs_public.h">
      <Filter>Header Files</Filter>
    </ClInclude>
    <ClInclude Include="C:\dev\github\mcneel\rhino3dm\src\opennurbs\opennurbs_public_examples.h">
      <Filter>Header Files</Filter>
    </ClInclude>
    <ClInclude Include="C:\dev\github\mcneel\rhino3dm\src\opennurbs\opennurbs_public_version.h">
      <Filter>Header Files</Filter>
    </ClInclude>
    <ClInclude Include="C:\dev\github\mcneel\rhino3dm\src\opennurbs\opennurbs_qsort_template.h">
      <Filter>Header Files</Filter>
    </ClInclude>
    <ClInclude Include="C:\dev\github\mcneel\rhino3dm\src\opennurbs\opennurbs_quacksort_template.h">
      <Filter>Header Files</Filter>
    </ClInclude>
    <ClInclude Include="C:\dev\github\mcneel\rhino3dm\src\opennurbs\opennurbs_quaternion.h">
      <Filter>Header Files</Filter>
    </ClInclude>
    <ClInclude Include="C:\dev\github\mcneel\rhino3dm\src\opennurbs\opennurbs_rand.h">
      <Filter>Header Files</Filter>
    </ClInclude>
    <ClInclude Include="C:\dev\github\mcneel\rhino3dm\src\opennurbs\opennurbs_rendering.h">
      <Filter>Header Files</Filter>
    </ClInclude>
    <ClInclude Include="C:\dev\github\mcneel\rhino3dm\src\opennurbs\opennurbs_revsurface.h">
      <Filter>Header Files</Filter>
    </ClInclude>
    <ClInclude Include="C:\dev\github\mcneel\rhino3dm\src\opennurbs\opennurbs_rtree.h">
      <Filter>Header Files</Filter>
    </ClInclude>
    <ClInclude Include="C:\dev\github\mcneel\rhino3dm\src\opennurbs\opennurbs_sha1.h">
      <Filter>Header Files</Filter>
    </ClInclude>
    <ClInclude Include="C:\dev\github\mcneel\rhino3dm\src\opennurbs\opennurbs_sphere.h">
      <Filter>Header Files</Filter>
    </ClInclude>
    <ClInclude Include="C:\dev\github\mcneel\rhino3dm\src\opennurbs\opennurbs_std_string.h">
      <Filter>Header Files</Filter>
    </ClInclude>
    <ClInclude Include="C:\dev\github\mcneel\rhino3dm\src\opennurbs\opennurbs_string.h">
      <Filter>Header Files</Filter>
    </ClInclude>
    <ClInclude Include="C:\dev\github\mcneel\rhino3dm\src\opennurbs\opennurbs_string_value.h">
      <Filter>Header Files</Filter>
    </ClInclude>
    <ClInclude Include="C:\dev\github\mcneel\rhino3dm\src\opennurbs\opennurbs_subd.h">
      <Filter>Header Files</Filter>
    </ClInclude>
    <ClInclude Include="C:\dev\github\mcneel\rhino3dm\src\opennurbs\opennurbs_subd_data.h">
      <Filter>Header Files</Filter>
    </ClInclude>
    <ClInclude Include="C:\dev\github\mcneel\rhino3dm\src\opennurbs\opennurbs_sumsurface.h">
      <Filter>Header Files</Filter>
    </ClInclude>
    <ClInclude Include="C:\dev\github\mcneel\rhino3dm\src\opennurbs\opennurbs_surface.h">
      <Filter>Header Files</Filter>
    </ClInclude>
    <ClInclude Include="C:\dev\github\mcneel\rhino3dm\src\opennurbs\opennurbs_surfaceproxy.h">
      <Filter>Header Files</Filter>
    </ClInclude>
    <ClInclude Include="C:\dev\github\mcneel\rhino3dm\src\opennurbs\opennurbs_system.h">
      <Filter>Header Files</Filter>
    </ClInclude>
    <ClInclude Include="C:\dev\github\mcneel\rhino3dm\src\opennurbs\opennurbs_system_compiler.h">
      <Filter>Header Files</Filter>
    </ClInclude>
    <ClInclude Include="C:\dev\github\mcneel\rhino3dm\src\opennurbs\opennurbs_system_runtime.h">
      <Filter>Header Files</Filter>
    </ClInclude>
    <ClInclude Include="C:\dev\github\mcneel\rhino3dm\src\opennurbs\opennurbs_terminator.h">
      <Filter>Header Files</Filter>
    </ClInclude>
    <ClInclude Include="C:\dev\github\mcneel\rhino3dm\src\opennurbs\opennurbs_text.h">
      <Filter>Header Files</Filter>
    </ClInclude>
    <ClInclude Include="C:\dev\github\mcneel\rhino3dm\src\opennurbs\opennurbs_text_style.h">
      <Filter>Header Files</Filter>
    </ClInclude>
    <ClInclude Include="C:\dev\github\mcneel\rhino3dm\src\opennurbs\opennurbs_textcontext.h">
      <Filter>Header Files</Filter>
    </ClInclude>
    <ClInclude Include="C:\dev\github\mcneel\rhino3dm\src\opennurbs\opennurbs_textdraw.h">
      <Filter>Header Files</Filter>
    </ClInclude>
    <ClInclude Include="C:\dev\github\mcneel\rhino3dm\src\opennurbs\opennurbs_textglyph.h">
      <Filter>Header Files</Filter>
    </ClInclude>
    <ClInclude Include="C:\dev\github\mcneel\rhino3dm\src\opennurbs\opennurbs_textiterator.h">
      <Filter>Header Files</Filter>
    </ClInclude>
    <ClInclude Include="C:\dev\github\mcneel\rhino3dm\src\opennurbs\opennurbs_textlog.h">
      <Filter>Header Files</Filter>
    </ClInclude>
    <ClInclude Include="C:\dev\github\mcneel\rhino3dm\src\opennurbs\opennurbs_textobject.h">
      <Filter>Header Files</Filter>
    </ClInclude>
    <ClInclude Include="C:\dev\github\mcneel\rhino3dm\src\opennurbs\opennurbs_textrun.h">
      <Filter>Header Files</Filter>
    </ClInclude>
    <ClInclude Include="C:\dev\github\mcneel\rhino3dm\src\opennurbs\opennurbs_texture.h">
      <Filter>Header Files</Filter>
    </ClInclude>
    <ClInclude Include="C:\dev\github\mcneel\rhino3dm\src\opennurbs\opennurbs_texture_mapping.h">
      <Filter>Header Files</Filter>
    </ClInclude>
    <ClInclude Include="C:\dev\github\mcneel\rhino3dm\src\opennurbs\opennurbs_topology.h">
      <Filter>Header Files</Filter>
    </ClInclude>
    <ClInclude Include="C:\dev\github\mcneel\rhino3dm\src\opennurbs\opennurbs_torus.h">
      <Filter>Header Files</Filter>
    </ClInclude>
    <ClInclude Include="C:\dev\github\mcneel\rhino3dm\src\opennurbs\opennurbs_unicode.h">
      <Filter>Header Files</Filter>
    </ClInclude>
    <ClInclude Include="C:\dev\github\mcneel\rhino3dm\src\opennurbs\opennurbs_userdata.h">
      <Filter>Header Files</Filter>
    </ClInclude>
    <ClInclude Include="C:\dev\github\mcneel\rhino3dm\src\opennurbs\opennurbs_uuid.h">
      <Filter>Header Files</Filter>
    </ClInclude>
    <ClInclude Include="C:\dev\github\mcneel\rhino3dm\src\opennurbs\opennurbs_version.h">
      <Filter>Header Files</Filter>
    </ClInclude>
    <ClInclude Include="C:\dev\github\mcneel\rhino3dm\src\opennurbs\opennurbs_version_number.h">
      <Filter>Header Files</Filter>
    </ClInclude>
    <ClInclude Include="C:\dev\github\mcneel\rhino3dm\src\opennurbs\opennurbs_viewport.h">
      <Filter>Header Files</Filter>
    </ClInclude>
    <ClInclude Include="C:\dev\github\mcneel\rhino3dm\src\opennurbs\opennurbs_win_dwrite.h">
      <Filter>Header Files</Filter>
    </ClInclude>
    <ClInclude Include="C:\dev\github\mcneel\rhino3dm\src\opennurbs\opennurbs_windows_targetver.h">
      <Filter>Header Files</Filter>
    </ClInclude>
    <ClInclude Include="C:\dev\github\mcneel\rhino3dm\src\opennurbs\opennurbs_wip.h">
      <Filter>Header Files</Filter>
    </ClInclude>
    <ClInclude Include="C:\dev\github\mcneel\rhino3dm\src\opennurbs\opennurbs_workspace.h">
      <Filter>Header Files</Filter>
    </ClInclude>
    <ClInclude Include="C:\dev\github\mcneel\rhino3dm\src\opennurbs\opennurbs_xform.h">
      <Filter>Header Files</Filter>
    </ClInclude>
    <ClInclude Include="C:\dev\github\mcneel\rhino3dm\src\opennurbs\opennurbs_zlib.h">
      <Filter>Header Files</Filter>
    </ClInclude>
    <ClInclude Include="C:\dev\github\mcneel\rhino3dm\src\opennurbs\openurbs_public.h">
      <Filter>Header Files</Filter>
    </ClInclude>
  </ItemGroup>
  <ItemGroup>
    <CustomBuild Include="C:\dev\github\mcneel\rhino3dm\src\CMakeLists.txt" />
  </ItemGroup>
  <ItemGroup>
    <Filter Include="Header Files">
      <UniqueIdentifier>{CA83CB12-365D-36B9-95E6-8FC27B78A927}</UniqueIdentifier>
    </Filter>
    <Filter Include="Source Files">
      <UniqueIdentifier>{ED949BC1-638A-3DF7-8503-50922C026714}</UniqueIdentifier>
    </Filter>
  </ItemGroup>
</Project>
