Microsoft Visual Studio Solution File, Format Version 12.00
# Visual Studio 15
Project("{8BC9CEB8-8B4A-11D0-8D11-00A0C91BC942}") = "ALL_BUILD", "ALL_BUILD.vcxproj", "{FA528693-681E-30B8-8A34-D181ADD33DDF}"
	ProjectSection(ProjectDependencies) = postProject
		{2FF606BE-5C71-3788-94A9-2F1041EFFF60} = {2FF606BE-5C71-3788-94A9-2F1041EFFF60}
		{B9EF5B99-1F55-367D-A234-558BA9377AC0} = {B9EF5B99-1F55-367D-A234-558BA9377AC0}
		{8CD07F08-A9DD-3129-A5D0-4FDEA4E155B6} = {8CD07F08-A9DD-3129-A5D0-4FDEA4E155B6}
		{E4D10093-D5EA-3BE2-9D62-899DE3C54504} = {E4D10093-D5EA-3BE2-9D62-899DE3C54504}
	EndProjectSection
EndProject
Project("{8BC9CEB8-8B4A-11D0-8D11-00A0C91BC942}") = "ZERO_CHECK", "ZERO_CHECK.vcxproj", "{2FF606BE-5C71-3788-94A9-2F1041EFFF60}"
	ProjectSection(ProjectDependencies) = postProject
	EndProjectSection
EndProject
Project("{8BC9CEB8-8B4A-11D0-8D11-00A0C91BC942}") = "_rhino3dm", "_rhino3dm.vcxproj", "{B9EF5B99-1F55-367D-A234-558BA9377AC0}"
	ProjectSection(ProjectDependencies) = postProject
		{2FF606BE-5C71-3788-94A9-2F1041EFFF60} = {2FF606BE-5C71-3788-94A9-2F1041EFFF60}
		{8CD07F08-A9DD-3129-A5D0-4FDEA4E155B6} = {8CD07F08-A9DD-3129-A5D0-4FDEA4E155B6}
		{E4D10093-D5EA-3BE2-9D62-899DE3C54504} = {E4D10093-D5EA-3BE2-9D62-899DE3C54504}
	EndProjectSection
EndProject
Project("{8BC9CEB8-8B4A-11D0-8D11-00A0C91BC942}") = "opennurbs_static", "opennurbs_static.vcxproj", "{8CD07F08-A9DD-3129-A5D0-4FDEA4E155B6}"
	ProjectSection(ProjectDependencies) = postProject
		{2FF606BE-5C71-3788-94A9-2F1041EFFF60} = {2FF606BE-5C71-3788-94A9-2F1041EFFF60}
	EndProjectSection
EndProject
Project("{8BC9CEB8-8B4A-11D0-8D11-00A0C91BC942}") = "zlib_static", "zlib_static.vcxproj", "{E4D10093-D5EA-3BE2-9D62-899DE3C54504}"
	ProjectSection(ProjectDependencies) = postProject
		{2FF606BE-5C71-3788-94A9-2F1041EFFF60} = {2FF606BE-5C71-3788-94A9-2F1041EFFF60}
	EndProjectSection
EndProject
Global
	GlobalSection(SolutionConfigurationPlatforms) = preSolution
		Debug|win32 = Debug|win32
		Release|win32 = Release|win32
		MinSizeRel|win32 = MinSizeRel|win32
		RelWithDebInfo|win32 = RelWithDebInfo|win32
	EndGlobalSection
	GlobalSection(ProjectConfigurationPlatforms) = postSolution
		{FA528693-681E-30B8-8A34-D181ADD33DDF}.Debug|win32.ActiveCfg = Debug|win32
		{FA528693-681E-30B8-8A34-D181ADD33DDF}.Release|win32.ActiveCfg = Release|win32
		{FA528693-681E-30B8-8A34-D181ADD33DDF}.MinSizeRel|win32.ActiveCfg = MinSizeRel|win32
		{FA528693-681E-30B8-8A34-D181ADD33DDF}.RelWithDebInfo|win32.ActiveCfg = RelWithDebInfo|win32
		{2FF606BE-5C71-3788-94A9-2F1041EFFF60}.Debug|win32.ActiveCfg = Debug|win32
		{2FF606BE-5C71-3788-94A9-2F1041EFFF60}.Debug|win32.Build.0 = Debug|win32
		{2FF606BE-5C71-3788-94A9-2F1041EFFF60}.Release|win32.ActiveCfg = Release|win32
		{2FF606BE-5C71-3788-94A9-2F1041EFFF60}.Release|win32.Build.0 = Release|win32
		{2FF606BE-5C71-3788-94A9-2F1041EFFF60}.MinSizeRel|win32.ActiveCfg = MinSizeRel|win32
		{2FF606BE-5C71-3788-94A9-2F1041EFFF60}.MinSizeRel|win32.Build.0 = MinSizeRel|win32
		{2FF606BE-5C71-3788-94A9-2F1041EFFF60}.RelWithDebInfo|win32.ActiveCfg = RelWithDebInfo|win32
		{2FF606BE-5C71-3788-94A9-2F1041EFFF60}.RelWithDebInfo|win32.Build.0 = RelWithDebInfo|win32
		{B9EF5B99-1F55-367D-A234-558BA9377AC0}.Debug|win32.ActiveCfg = Debug|win32
		{B9EF5B99-1F55-367D-A234-558BA9377AC0}.Debug|win32.Build.0 = Debug|win32
		{B9EF5B99-1F55-367D-A234-558BA9377AC0}.Release|win32.ActiveCfg = Release|win32
		{B9EF5B99-1F55-367D-A234-558BA9377AC0}.Release|win32.Build.0 = Release|win32
		{B9EF5B99-1F55-367D-A234-558BA9377AC0}.MinSizeRel|win32.ActiveCfg = MinSizeRel|win32
		{B9EF5B99-1F55-367D-A234-558BA9377AC0}.MinSizeRel|win32.Build.0 = MinSizeRel|win32
		{B9EF5B99-1F55-367D-A234-558BA9377AC0}.RelWithDebInfo|win32.ActiveCfg = RelWithDebInfo|win32
		{B9EF5B99-1F55-367D-A234-558BA9377AC0}.RelWithDebInfo|win32.Build.0 = RelWithDebInfo|win32
		{8CD07F08-A9DD-3129-A5D0-4FDEA4E155B6}.Debug|win32.ActiveCfg = Debug|win32
		{8CD07F08-A9DD-3129-A5D0-4FDEA4E155B6}.Debug|win32.Build.0 = Debug|win32
		{8CD07F08-A9DD-3129-A5D0-4FDEA4E155B6}.Release|win32.ActiveCfg = Release|win32
		{8CD07F08-A9DD-3129-A5D0-4FDEA4E155B6}.Release|win32.Build.0 = Release|win32
		{8CD07F08-A9DD-3129-A5D0-4FDEA4E155B6}.MinSizeRel|win32.ActiveCfg = MinSizeRel|win32
		{8CD07F08-A9DD-3129-A5D0-4FDEA4E155B6}.MinSizeRel|win32.Build.0 = MinSizeRel|win32
		{8CD07F08-A9DD-3129-A5D0-4FDEA4E155B6}.RelWithDebInfo|win32.ActiveCfg = RelWithDebInfo|win32
		{8CD07F08-A9DD-3129-A5D0-4FDEA4E155B6}.RelWithDebInfo|win32.Build.0 = RelWithDebInfo|win32
		{E4D10093-D5EA-3BE2-9D62-899DE3C54504}.Debug|win32.ActiveCfg = Debug|win32
		{E4D10093-D5EA-3BE2-9D62-899DE3C54504}.Debug|win32.Build.0 = Debug|win32
		{E4D10093-D5EA-3BE2-9D62-899DE3C54504}.Release|win32.ActiveCfg = Release|win32
		{E4D10093-D5EA-3BE2-9D62-899DE3C54504}.Release|win32.Build.0 = Release|win32
		{E4D10093-D5EA-3BE2-9D62-899DE3C54504}.MinSizeRel|win32.ActiveCfg = MinSizeRel|win32
		{E4D10093-D5EA-3BE2-9D62-899DE3C54504}.MinSizeRel|win32.Build.0 = MinSizeRel|win32
		{E4D10093-D5EA-3BE2-9D62-899DE3C54504}.RelWithDebInfo|win32.ActiveCfg = RelWithDebInfo|win32
		{E4D10093-D5EA-3BE2-9D62-899DE3C54504}.RelWithDebInfo|win32.Build.0 = RelWithDebInfo|win32
	EndGlobalSection
	GlobalSection(ExtensibilityGlobals) = postSolution
		SolutionGuid = {978965DC-AAC0-3F1A-B1FA-1DAFAAB89AC9}
	EndGlobalSection
	GlobalSection(ExtensibilityAddIns) = postSolution
	EndGlobalSection
EndGlobal
